
Microsoft Visual Studio Solution File, Format Version 12.00
# Visual Studio Version 17
VisualStudioVersion = 17.4.33205.214
MinimumVisualStudioVersion = 10.0.40219.1
Project("{FAE04EC0-301F-11D3-BF4B-00C04F79EFBC}") = "StudentAdminPortal.API", "StudentAdminPortal.API\StudentAdminPortal.API.csproj", "{99B1642F-2BFF-4794-9B11-C24D3DE2B997}"
EndProject
Global
	GlobalSection(SolutionConfigurationPlatforms) = preSolution
		Debug|Any CPU = Debug|Any CPU
		Release|Any CPU = Release|Any CPU
	EndGlobalSection
	GlobalSection(ProjectConfigurationPlatforms) = postSolution
		{99B1642F-2BFF-4794-9B11-C24D3DE2B997}.Debug|Any CPU.ActiveCfg = Debug|Any CPU
		{99B1642F-2BFF-4794-9B11-C24D3DE2B997}.Debug|Any CPU.Build.0 = Debug|Any CPU
		{99B1642F-2BFF-4794-9B11-C24D3DE2B997}.Release|Any CPU.ActiveCfg = Release|Any CPU
		{99B1642F-2BFF-4794-9B11-C24D3DE2B997}.Release|Any CPU.Build.0 = Release|Any CPU
	EndGlobalSection
	GlobalSection(SolutionProperties) = preSolution
		HideSolutionNode = FALSE
	EndGlobalSection
	GlobalSection(ExtensibilityGlobals) = postSolution
		SolutionGuid = {47376B5F-D855-4B30-A1B8-9CF9E6587C57}
	EndGlobalSection
EndGlobal
